// !$*UTF8*$!
{
	archiveVersion = 1;
	classes = {
	};
	objectVersion = 50;
	objects = {

/* Begin PBXBuildFile section */
		EFC4C7BE229724920054CD93 /* AppDelegate.swift in Sources */ = {isa = PBXBuildFile; fileRef = EFC4C7BD229724920054CD93 /* AppDelegate.swift */; };
		EFC4C7C0229724920054CD93 /* ViewController.swift in Sources */ = {isa = PBXBuildFile; fileRef = EFC4C7BF229724920054CD93 /* ViewController.swift */; };
		EFC4C7C3229724920054CD93 /* Main.storyboard in Resources */ = {isa = PBXBuildFile; fileRef = EFC4C7C1229724920054CD93 /* Main.storyboard */; };
		EFC4C7C5229724930054CD93 /* Assets.xcassets in Resources */ = {isa = PBXBuildFile; fileRef = EFC4C7C4229724930054CD93 /* Assets.xcassets */; };
		EFC4C7C8229724930054CD93 /* LaunchScreen.storyboard in Resources */ = {isa = PBXBuildFile; fileRef = EFC4C7C6229724930054CD93 /* LaunchScreen.storyboard */; };
		EFC4C7D0229728340054CD93 /* Friends.swift in Sources */ = {isa = PBXBuildFile; fileRef = EFC4C7CF229728340054CD93 /* Friends.swift */; };
		EFC4C7D4229729860054CD93 /* FriendsModel.swift in Sources */ = {isa = PBXBuildFile; fileRef = EFC4C7D3229729860054CD93 /* FriendsModel.swift */; };
		EFC4C7D722972B1C0054CD93 /* FriendsTableViewController.swift in Sources */ = {isa = PBXBuildFile; fileRef = EFC4C7D622972B1C0054CD93 /* FriendsTableViewController.swift */; };
		EFC4C7D922972BB40054CD93 /* FriendsTableViewCell.swift in Sources */ = {isa = PBXBuildFile; fileRef = EFC4C7D822972BB40054CD93 /* FriendsTableViewCell.swift */; };
		EFC4C7DF229731C00054CD93 /* FriendsDetailViewController.swift in Sources */ = {isa = PBXBuildFile; fileRef = EFC4C7DE229731C00054CD93 /* FriendsDetailViewController.swift */; };
		EFC4C7E1229733AB0054CD93 /* NavigationControllerDelegate.swift in Sources */ = {isa = PBXBuildFile; fileRef = EFC4C7E0229733AB0054CD93 /* NavigationControllerDelegate.swift */; };
		EFC4C7E3229735320054CD93 /* ImageTransitionAnimator.swift in Sources */ = {isa = PBXBuildFile; fileRef = EFC4C7E2229735320054CD93 /* ImageTransitionAnimator.swift */; };
/* End PBXBuildFile section */

/* Begin PBXFileReference section */
		EFC4C7BA229724920054CD93 /* Friends.app */ = {isa = PBXFileReference; explicitFileType = wrapper.application; includeInIndex = 0; path = Friends.app; sourceTree = BUILT_PRODUCTS_DIR; };
		EFC4C7BD229724920054CD93 /* AppDelegate.swift */ = {isa = PBXFileReference; lastKnownFileType = sourcecode.swift; path = AppDelegate.swift; sourceTree = "<group>"; };
		EFC4C7BF229724920054CD93 /* ViewController.swift */ = {isa = PBXFileReference; lastKnownFileType = sourcecode.swift; path = ViewController.swift; sourceTree = "<group>"; };
		EFC4C7C2229724920054CD93 /* Base */ = {isa = PBXFileReference; lastKnownFileType = file.storyboard; name = Base; path = Base.lproj/Main.storyboard; sourceTree = "<group>"; };
		EFC4C7C4229724930054CD93 /* Assets.xcassets */ = {isa = PBXFileReference; lastKnownFileType = folder.assetcatalog; path = Assets.xcassets; sourceTree = "<group>"; };
		EFC4C7C7229724930054CD93 /* Base */ = {isa = PBXFileReference; lastKnownFileType = file.storyboard; name = Base; path = Base.lproj/LaunchScreen.storyboard; sourceTree = "<group>"; };
		EFC4C7C9229724930054CD93 /* Info.plist */ = {isa = PBXFileReference; lastKnownFileType = text.plist.xml; path = Info.plist; sourceTree = "<group>"; };
		EFC4C7CF229728340054CD93 /* Friends.swift */ = {isa = PBXFileReference; lastKnownFileType = sourcecode.swift; path = Friends.swift; sourceTree = "<group>"; };
		EFC4C7D3229729860054CD93 /* FriendsModel.swift */ = {isa = PBXFileReference; lastKnownFileType = sourcecode.swift; path = FriendsModel.swift; sourceTree = "<group>"; };
		EFC4C7D622972B1C0054CD93 /* FriendsTableViewController.swift */ = {isa = PBXFileReference; lastKnownFileType = sourcecode.swift; path = FriendsTableViewController.swift; sourceTree = "<group>"; };
		EFC4C7D822972BB40054CD93 /* FriendsTableViewCell.swift */ = {isa = PBXFileReference; lastKnownFileType = sourcecode.swift; path = FriendsTableViewCell.swift; sourceTree = "<group>"; };
		EFC4C7DE229731C00054CD93 /* FriendsDetailViewController.swift */ = {isa = PBXFileReference; lastKnownFileType = sourcecode.swift; path = FriendsDetailViewController.swift; sourceTree = "<group>"; };
		EFC4C7E0229733AB0054CD93 /* NavigationControllerDelegate.swift */ = {isa = PBXFileReference; lastKnownFileType = sourcecode.swift; path = NavigationControllerDelegate.swift; sourceTree = "<group>"; };
		EFC4C7E2229735320054CD93 /* ImageTransitionAnimator.swift */ = {isa = PBXFileReference; lastKnownFileType = sourcecode.swift; path = ImageTransitionAnimator.swift; sourceTree = "<group>"; };
/* End PBXFileReference section */

/* Begin PBXFrameworksBuildPhase section */
		EFC4C7B7229724920054CD93 /* Frameworks */ = {
			isa = PBXFrameworksBuildPhase;
			buildActionMask = 2147483647;
			files = (
			);
			runOnlyForDeploymentPostprocessing = 0;
		};
/* End PBXFrameworksBuildPhase section */

/* Begin PBXGroup section */
		EFC4C7B1229724920054CD93 = {
			isa = PBXGroup;
			children = (
				EFC4C7BC229724920054CD93 /* Friends */,
				EFC4C7BB229724920054CD93 /* Products */,
			);
			sourceTree = "<group>";
		};
		EFC4C7BB229724920054CD93 /* Products */ = {
			isa = PBXGroup;
			children = (
				EFC4C7BA229724920054CD93 /* Friends.app */,
			);
			name = Products;
			sourceTree = "<group>";
		};
		EFC4C7BC229724920054CD93 /* Friends */ = {
			isa = PBXGroup;
			children = (
				EFC4C7D522972AFE0054CD93 /* View Controller */,
				EFC4C7D2229729740054CD93 /* Model Controller */,
				EFC4C7D1229728390054CD93 /* Model */,
				EFC4C7BD229724920054CD93 /* AppDelegate.swift */,
				EFC4C7BF229724920054CD93 /* ViewController.swift */,
				EFC4C7C1229724920054CD93 /* Main.storyboard */,
				EFC4C7C4229724930054CD93 /* Assets.xcassets */,
				EFC4C7C6229724930054CD93 /* LaunchScreen.storyboard */,
				EFC4C7C9229724930054CD93 /* Info.plist */,
			);
			path = Friends;
			sourceTree = "<group>";
		};
		EFC4C7D1229728390054CD93 /* Model */ = {
			isa = PBXGroup;
			children = (
				EFC4C7CF229728340054CD93 /* Friends.swift */,
			);
			path = Model;
			sourceTree = "<group>";
		};
		EFC4C7D2229729740054CD93 /* Model Controller */ = {
			isa = PBXGroup;
			children = (
				EFC4C7D3229729860054CD93 /* FriendsModel.swift */,
			);
			path = "Model Controller";
			sourceTree = "<group>";
		};
		EFC4C7D522972AFE0054CD93 /* View Controller */ = {
			isa = PBXGroup;
			children = (
				EFC4C7D622972B1C0054CD93 /* FriendsTableViewController.swift */,
				EFC4C7D822972BB40054CD93 /* FriendsTableViewCell.swift */,
				EFC4C7DE229731C00054CD93 /* FriendsDetailViewController.swift */,
				EFC4C7E0229733AB0054CD93 /* NavigationControllerDelegate.swift */,
				EFC4C7E2229735320054CD93 /* ImageTransitionAnimator.swift */,
			);
			path = "View Controller";
			sourceTree = "<group>";
		};
/* End PBXGroup section */

/* Begin PBXNativeTarget section */
		EFC4C7B9229724920054CD93 /* Friends */ = {
			isa = PBXNativeTarget;
			buildConfigurationList = EFC4C7CC229724930054CD93 /* Build configuration list for PBXNativeTarget "Friends" */;
			buildPhases = (
				EFC4C7B6229724920054CD93 /* Sources */,
				EFC4C7B7229724920054CD93 /* Frameworks */,
				EFC4C7B8229724920054CD93 /* Resources */,
			);
			buildRules = (
			);
			dependencies = (
			);
			name = Friends;
			productName = Friends;
			productReference = EFC4C7BA229724920054CD93 /* Friends.app */;
			productType = "com.apple.product-type.application";
		};
/* End PBXNativeTarget section */

/* Begin PBXProject section */
		EFC4C7B2229724920054CD93 /* Project object */ = {
			isa = PBXProject;
			attributes = {
				LastSwiftUpdateCheck = 1020;
				LastUpgradeCheck = 1020;
				ORGANIZATIONNAME = "Hayden Hastings";
				TargetAttributes = {
					EFC4C7B9229724920054CD93 = {
						CreatedOnToolsVersion = 10.2.1;
					};
				};
			};
			buildConfigurationList = EFC4C7B5229724920054CD93 /* Build configuration list for PBXProject "Friends" */;
			compatibilityVersion = "Xcode 9.3";
			developmentRegion = en;
			hasScannedForEncodings = 0;
			knownRegions = (
				en,
				Base,
			);
			mainGroup = EFC4C7B1229724920054CD93;
			productRefGroup = EFC4C7BB229724920054CD93 /* Products */;
			projectDirPath = "";
			projectRoot = "";
			targets = (
				EFC4C7B9229724920054CD93 /* Friends */,
			);
		};
/* End PBXProject section */

/* Begin PBXResourcesBuildPhase section */
		EFC4C7B8229724920054CD93 /* Resources */ = {
			isa = PBXResourcesBuildPhase;
			buildActionMask = 2147483647;
			files = (
				EFC4C7C8229724930054CD93 /* LaunchScreen.storyboard in Resources */,
				EFC4C7C5229724930054CD93 /* Assets.xcassets in Resources */,
				EFC4C7C3229724920054CD93 /* Main.storyboard in Resources */,
			);
			runOnlyForDeploymentPostprocessing = 0;
		};
/* End PBXResourcesBuildPhase section */

/* Begin PBXSourcesBuildPhase section */
		EFC4C7B6229724920054CD93 /* Sources */ = {
			isa = PBXSourcesBuildPhase;
			buildActionMask = 2147483647;
			files = (
				EFC4C7C0229724920054CD93 /* ViewController.swift in Sources */,
				EFC4C7D4229729860054CD93 /* FriendsModel.swift in Sources */,
				EFC4C7D0229728340054CD93 /* Friends.swift in Sources */,
				EFC4C7E3229735320054CD93 /* ImageTransitionAnimator.swift in Sources */,
				EFC4C7DF229731C00054CD93 /* FriendsDetailViewController.swift in Sources */,
				EFC4C7E1229733AB0054CD93 /* NavigationControllerDelegate.swift in Sources */,
				EFC4C7D922972BB40054CD93 /* FriendsTableViewCell.swift in Sources */,
				EFC4C7BE229724920054CD93 /* AppDelegate.swift in Sources */,
				EFC4C7D722972B1C0054CD93 /* FriendsTableViewController.swift in Sources */,
			);
			runOnlyForDeploymentPostprocessing = 0;
		};
/* End PBXSourcesBuildPhase section */

/* Begin PBXVariantGroup section */
		EFC4C7C1229724920054CD93 /* Main.storyboard */ = {
			isa = PBXVariantGroup;
			children = (
				EFC4C7C2229724920054CD93 /* Base */,
			);
			name = Main.storyboard;
			sourceTree = "<group>";
		};
		EFC4C7C6229724930054CD93 /* LaunchScreen.storyboard */ = {
			isa = PBXVariantGroup;
			children = (
				EFC4C7C7229724930054CD93 /* Base */,
			);
			name = LaunchScreen.storyboard;
			sourceTree = "<group>";
		};
/* End PBXVariantGroup section */

/* Begin XCBuildConfiguration section */
		EFC4C7CA229724930054CD93 /* Debug */ = {
			isa = XCBuildConfiguration;
			buildSettings = {
				ALWAYS_SEARCH_USER_PATHS = NO;
				CLANG_ANALYZER_NONNULL = YES;
				CLANG_ANALYZER_NUMBER_OBJECT_CONVERSION = YES_AGGRESSIVE;
				CLANG_CXX_LANGUAGE_STANDARD = "gnu++14";
				CLANG_CXX_LIBRARY = "libc++";
				CLANG_ENABLE_MODULES = YES;
				CLANG_ENABLE_OBJC_ARC = YES;
				CLANG_ENABLE_OBJC_WEAK = YES;
				CLANG_WARN_BLOCK_CAPTURE_AUTORELEASING = YES;
				CLANG_WARN_BOOL_CONVERSION = YES;
				CLANG_WARN_COMMA = YES;
				CLANG_WARN_CONSTANT_CONVERSION = YES;
				CLANG_WARN_DEPRECATED_OBJC_IMPLEMENTATIONS = YES;
				CLANG_WARN_DIRECT_OBJC_ISA_USAGE = YES_ERROR;
				CLANG_WARN_DOCUMENTATION_COMMENTS = YES;
				CLANG_WARN_EMPTY_BODY = YES;
				CLANG_WARN_ENUM_CONVERSION = YES;
				CLANG_WARN_INFINITE_RECURSION = YES;
				CLANG_WARN_INT_CONVERSION = YES;
				CLANG_WARN_NON_LITERAL_NULL_CONVERSION = YES;
				CLANG_WARN_OBJC_IMPLICIT_RETAIN_SELF = YES;
				CLANG_WARN_OBJC_LITERAL_CONVERSION = YES;
				CLANG_WARN_OBJC_ROOT_CLASS = YES_ERROR;
				CLANG_WARN_RANGE_LOOP_ANALYSIS = YES;
				CLANG_WARN_STRICT_PROTOTYPES = YES;
				CLANG_WARN_SUSPICIOUS_MOVE = YES;
				CLANG_WARN_UNGUARDED_AVAILABILITY = YES_AGGRESSIVE;
				CLANG_WARN_UNREACHABLE_CODE = YES;
				CLANG_WARN__DUPLICATE_METHOD_MATCH = YES;
				CODE_SIGN_IDENTITY = "iPhone Developer";
				COPY_PHASE_STRIP = NO;
				DEBUG_INFORMATION_FORMAT = dwarf;
				ENABLE_STRICT_OBJC_MSGSEND = YES;
				ENABLE_TESTABILITY = YES;
				GCC_C_LANGUAGE_STANDARD = gnu11;
				GCC_DYNAMIC_NO_PIC = NO;
				GCC_NO_COMMON_BLOCKS = YES;
				GCC_OPTIMIZATION_LEVEL = 0;
				GCC_PREPROCESSOR_DEFINITIONS = (
					"DEBUG=1",
					"$(inherited)",
				);
				GCC_WARN_64_TO_32_BIT_CONVERSION = YES;
				GCC_WARN_ABOUT_RETURN_TYPE = YES_ERROR;
				GCC_WARN_UNDECLARED_SELECTOR = YES;
				GCC_WARN_UNINITIALIZED_AUTOS = YES_AGGRESSIVE;
				GCC_WARN_UNUSED_FUNCTION = YES;
				GCC_WARN_UNUSED_VARIABLE = YES;
				IPHONEOS_DEPLOYMENT_TARGET = 12.2;
				MTL_ENABLE_DEBUG_INFO = INCLUDE_SOURCE;
				MTL_FAST_MATH = YES;
				ONLY_ACTIVE_ARCH = YES;
				SDKROOT = iphoneos;
				SWIFT_ACTIVE_COMPILATION_CONDITIONS = DEBUG;
				SWIFT_OPTIMIZATION_LEVEL = "-Onone";
			};
			name = Debug;
		};
		EFC4C7CB229724930054CD93 /* Release */ = {
			isa = XCBuildConfiguration;
			buildSettings = {
				ALWAYS_SEARCH_USER_PATHS = NO;
				CLANG_ANALYZER_NONNULL = YES;
				CLANG_ANALYZER_NUMBER_OBJECT_CONVERSION = YES_AGGRESSIVE;
				CLANG_CXX_LANGUAGE_STANDARD = "gnu++14";
				CLANG_CXX_LIBRARY = "libc++";
				CLANG_ENABLE_MODULES = YES;
				CLANG_ENABLE_OBJC_ARC = YES;
				CLANG_ENABLE_OBJC_WEAK = YES;
				CLANG_WARN_BLOCK_CAPTURE_AUTORELEASING = YES;
				CLANG_WARN_BOOL_CONVERSION = YES;
				CLANG_WARN_COMMA = YES;
				CLANG_WARN_CONSTANT_CONVERSION = YES;
				CLANG_WARN_DEPRECATED_OBJC_IMPLEMENTATIONS = YES;
				CLANG_WARN_DIRECT_OBJC_ISA_USAGE = YES_ERROR;
				CLANG_WARN_DOCUMENTATION_COMMENTS = YES;
				CLANG_WARN_EMPTY_BODY = YES;
				CLANG_WARN_ENUM_CONVERSION = YES;
				CLANG_WARN_INFINITE_RECURSION = YES;
				CLANG_WARN_INT_CONVERSION = YES;
				CLANG_WARN_NON_LITERAL_NULL_CONVERSION = YES;
				CLANG_WARN_OBJC_IMPLICIT_RETAIN_SELF = YES;
				CLANG_WARN_OBJC_LITERAL_CONVERSION = YES;
				CLANG_WARN_OBJC_ROOT_CLASS = YES_ERROR;
				CLANG_WARN_RANGE_LOOP_ANALYSIS = YES;
				CLANG_WARN_STRICT_PROTOTYPES = YES;
				CLANG_WARN_SUSPICIOUS_MOVE = YES;
				CLANG_WARN_UNGUARDED_AVAILABILITY = YES_AGGRESSIVE;
				CLANG_WARN_UNREACHABLE_CODE = YES;
				CLANG_WARN__DUPLICATE_METHOD_MATCH = YES;
				CODE_SIGN_IDENTITY = "iPhone Developer";
				COPY_PHASE_STRIP = NO;
				DEBUG_INFORMATION_FORMAT = "dwarf-with-dsym";
				ENABLE_NS_ASSERTIONS = NO;
				ENABLE_STRICT_OBJC_MSGSEND = YES;
				GCC_C_LANGUAGE_STANDARD = gnu11;
				GCC_NO_COMMON_BLOCKS = YES;
				GCC_WARN_64_TO_32_BIT_CONVERSION = YES;
				GCC_WARN_ABOUT_RETURN_TYPE = YES_ERROR;
				GCC_WARN_UNDECLARED_SELECTOR = YES;
				GCC_WARN_UNINITIALIZED_AUTOS = YES_AGGRESSIVE;
				GCC_WARN_UNUSED_FUNCTION = YES;
				GCC_WARN_UNUSED_VARIABLE = YES;
				IPHONEOS_DEPLOYMENT_TARGET = 12.2;
				MTL_ENABLE_DEBUG_INFO = NO;
				MTL_FAST_MATH = YES;
				SDKROOT = iphoneos;
				SWIFT_COMPILATION_MODE = wholemodule;
				SWIFT_OPTIMIZATION_LEVEL = "-O";
				VALIDATE_PRODUCT = YES;
			};
			name = Release;
		};
		EFC4C7CD229724930054CD93 /* Debug */ = {
			isa = XCBuildConfiguration;
			buildSettings = {
				ASSETCATALOG_COMPILER_APPICON_NAME = AppIcon;
				CODE_SIGN_STYLE = Automatic;
				DEVELOPMENT_TEAM = 7V775U4648;
				INFOPLIST_FILE = Friends/Info.plist;
				LD_RUNPATH_SEARCH_PATHS = (
					"$(inherited)",
					"@executable_path/Frameworks",
				);
				PRODUCT_BUNDLE_IDENTIFIER = com.haydenhastings.Friends;
				PRODUCT_NAME = "$(TARGET_NAME)";
				SWIFT_VERSION = 5.0;
				TARGETED_DEVICE_FAMILY = "1,2";
			};
			name = Debug;
		};
		EFC4C7CE229724930054CD93 /* Release */ = {
			isa = XCBuildConfiguration;
			buildSettings = {
				ASSETCATALOG_COMPILER_APPICON_NAME = AppIcon;
				CODE_SIGN_STYLE = Automatic;
				DEVELOPMENT_TEAM = 7V775U4648;
				INFOPLIST_FILE = Friends/Info.plist;
				LD_RUNPATH_SEARCH_PATHS = (
					"$(inherited)",
					"@executable_path/Frameworks",
				);
				PRODUCT_BUNDLE_IDENTIFIER = com.haydenhastings.Friends;
				PRODUCT_NAME = "$(TARGET_NAME)";
				SWIFT_VERSION = 5.0;
				TARGETED_DEVICE_FAMILY = "1,2";
			};
			name = Release;
		};
/* End XCBuildConfiguration section */

/* Begin XCConfigurationList section */
		EFC4C7B5229724920054CD93 /* Build configuration list for PBXProject "Friends" */ = {
			isa = XCConfigurationList;
			buildConfigurations = (
				EFC4C7CA229724930054CD93 /* Debug */,
				EFC4C7CB229724930054CD93 /* Release */,
			);
			defaultConfigurationIsVisible = 0;
			defaultConfigurationName = Release;
		};
		EFC4C7CC229724930054CD93 /* Build configuration list for PBXNativeTarget "Friends" */ = {
			isa = XCConfigurationList;
			buildConfigurations = (
				EFC4C7CD229724930054CD93 /* Debug */,
				EFC4C7CE229724930054CD93 /* Release */,
			);
			defaultConfigurationIsVisible = 0;
			defaultConfigurationName = Release;
		};
/* End XCConfigurationList section */
	};
	rootObject = EFC4C7B2229724920054CD93 /* Project object */;
}
